
Microsoft Visual Studio Solution File, Format Version 12.00
# Visual Studio 14
VisualStudioVersion = 14.0.25420.1
MinimumVisualStudioVersion = 10.0.40219.1
Project("{FAE04EC0-301F-11D3-BF4B-00C04F79EFBC}") = "Octopus.WebApp", "Octopus.WebApp\Octopus.WebApp.csproj", "{FD9B51AD-1494-4358-99FA-273C56F098FE}"
EndProject
Project("{00D1A9C2-B5F0-4AF3-8072-F6C62B433612}") = "Octopus.Db", "Octopus.Db\Octopus.Db.sqlproj", "{CC458230-2C3D-40DB-9BC7-602C694C4595}"
EndProject
Project("{FAE04EC0-301F-11D3-BF4B-00C04F79EFBC}") = "Octopus.Batch", "Octopus.Batch\Octopus.Batch.csproj", "{591952B9-00CB-4FB3-9AA6-7DB6ABD99DDD}"
EndProject
Global
	GlobalSection(SolutionConfigurationPlatforms) = preSolution
		Debug|Any CPU = Debug|Any CPU
		Release|Any CPU = Release|Any CPU
	EndGlobalSection
	GlobalSection(ProjectConfigurationPlatforms) = postSolution
		{FD9B51AD-1494-4358-99FA-273C56F098FE}.Debug|Any CPU.ActiveCfg = Debug|Any CPU
		{FD9B51AD-1494-4358-99FA-273C56F098FE}.Debug|Any CPU.Build.0 = Debug|Any CPU
		{FD9B51AD-1494-4358-99FA-273C56F098FE}.Release|Any CPU.ActiveCfg = Release|Any CPU
		{FD9B51AD-1494-4358-99FA-273C56F098FE}.Release|Any CPU.Build.0 = Release|Any CPU
		{CC458230-2C3D-40DB-9BC7-602C694C4595}.Debug|Any CPU.ActiveCfg = Debug|Any CPU
		{CC458230-2C3D-40DB-9BC7-602C694C4595}.Debug|Any CPU.Build.0 = Debug|Any CPU
		{CC458230-2C3D-40DB-9BC7-602C694C4595}.Debug|Any CPU.Deploy.0 = Debug|Any CPU
		{CC458230-2C3D-40DB-9BC7-602C694C4595}.Release|Any CPU.ActiveCfg = Release|Any CPU
		{CC458230-2C3D-40DB-9BC7-602C694C4595}.Release|Any CPU.Build.0 = Release|Any CPU
		{CC458230-2C3D-40DB-9BC7-602C694C4595}.Release|Any CPU.Deploy.0 = Release|Any CPU
		{591952B9-00CB-4FB3-9AA6-7DB6ABD99DDD}.Debug|Any CPU.ActiveCfg = Debug|Any CPU
		{591952B9-00CB-4FB3-9AA6-7DB6ABD99DDD}.Debug|Any CPU.Build.0 = Debug|Any CPU
		{591952B9-00CB-4FB3-9AA6-7DB6ABD99DDD}.Release|Any CPU.ActiveCfg = Release|Any CPU
		{591952B9-00CB-4FB3-9AA6-7DB6ABD99DDD}.Release|Any CPU.Build.0 = Release|Any CPU
	EndGlobalSection
	GlobalSection(SolutionProperties) = preSolution
		HideSolutionNode = FALSE
	EndGlobalSection
EndGlobal
